
Microsoft Visual Studio Solution File, Format Version 12.00
# Visual Studio Version 17
VisualStudioVersion = 17.11.35222.181
MinimumVisualStudioVersion = 10.0.40219.1
Project("{9A19103F-16F7-4668-BE54-9A1E7A4F7556}") = "APIGateway", "APIGateway.csproj", "{7CE9DC9D-3E0C-49BC-BB74-E15F4F952F79}"
EndProject
Project("{9A19103F-16F7-4668-BE54-9A1E7A4F7556}") = "APIService", "..\APIService\APIService.csproj", "{4F8BD9BD-6F77-49AE-98C7-7904977BC9DE}"
EndProject
Project("{FAE04EC0-301F-11D3-BF4B-00C04F79EFBC}") = "APIAuth", "..\APIAuth\APIAuth.csproj", "{5488BC89-F352-45F2-89AB-390028F62596}"
EndProject
Global
	GlobalSection(SolutionConfigurationPlatforms) = preSolution
		Debug|Any CPU = Debug|Any CPU
		Release|Any CPU = Release|Any CPU
	EndGlobalSection
	GlobalSection(ProjectConfigurationPlatforms) = postSolution
		{7CE9DC9D-3E0C-49BC-BB74-E15F4F952F79}.Debug|Any CPU.ActiveCfg = Debug|Any CPU
		{7CE9DC9D-3E0C-49BC-BB74-E15F4F952F79}.Debug|Any CPU.Build.0 = Debug|Any CPU
		{7CE9DC9D-3E0C-49BC-BB74-E15F4F952F79}.Release|Any CPU.ActiveCfg = Release|Any CPU
		{7CE9DC9D-3E0C-49BC-BB74-E15F4F952F79}.Release|Any CPU.Build.0 = Release|Any CPU
		{4F8BD9BD-6F77-49AE-98C7-7904977BC9DE}.Debug|Any CPU.ActiveCfg = Debug|Any CPU
		{4F8BD9BD-6F77-49AE-98C7-7904977BC9DE}.Debug|Any CPU.Build.0 = Debug|Any CPU
		{4F8BD9BD-6F77-49AE-98C7-7904977BC9DE}.Release|Any CPU.ActiveCfg = Release|Any CPU
		{4F8BD9BD-6F77-49AE-98C7-7904977BC9DE}.Release|Any CPU.Build.0 = Release|Any CPU
		{5488BC89-F352-45F2-89AB-390028F62596}.Debug|Any CPU.ActiveCfg = Debug|Any CPU
		{5488BC89-F352-45F2-89AB-390028F62596}.Debug|Any CPU.Build.0 = Debug|Any CPU
		{5488BC89-F352-45F2-89AB-390028F62596}.Release|Any CPU.ActiveCfg = Release|Any CPU
		{5488BC89-F352-45F2-89AB-390028F62596}.Release|Any CPU.Build.0 = Release|Any CPU
	EndGlobalSection
	GlobalSection(SolutionProperties) = preSolution
		HideSolutionNode = FALSE
	EndGlobalSection
	GlobalSection(ExtensibilityGlobals) = postSolution
		SolutionGuid = {977E4FAB-F825-4A6F-B2A3-992835C5C065}
	EndGlobalSection
EndGlobal
